// !$*UTF8*$!
{
	archiveVersion = 1;
	classes = {
	};
	objectVersion = 56;
	objects = {

/* Begin PBXBuildFile section */
		0056DF9A2A83952A00A18FE1 /* TodoAppApp.swift in Sources */ = {isa = PBXBuildFile; fileRef = 0056DF992A83952A00A18FE1 /* TodoAppApp.swift */; };
		0056DF9E2A83952C00A18FE1 /* Assets.xcassets in Resources */ = {isa = PBXBuildFile; fileRef = 0056DF9D2A83952C00A18FE1 /* Assets.xcassets */; };
		0056DFA12A83952C00A18FE1 /* Preview Assets.xcassets in Resources */ = {isa = PBXBuildFile; fileRef = 0056DFA02A83952C00A18FE1 /* Preview Assets.xcassets */; };
		0056DFAB2A83952C00A18FE1 /* TodoAppTests.swift in Sources */ = {isa = PBXBuildFile; fileRef = 0056DFAA2A83952C00A18FE1 /* TodoAppTests.swift */; };
		0056DFB52A83952C00A18FE1 /* TodoAppUITests.swift in Sources */ = {isa = PBXBuildFile; fileRef = 0056DFB42A83952C00A18FE1 /* TodoAppUITests.swift */; };
		0056DFB72A83952C00A18FE1 /* TodoAppUITestsLaunchTests.swift in Sources */ = {isa = PBXBuildFile; fileRef = 0056DFB62A83952C00A18FE1 /* TodoAppUITestsLaunchTests.swift */; };
		0056DFC52A83957B00A18FE1 /* ListView.swift in Sources */ = {isa = PBXBuildFile; fileRef = 0056DFC42A83957B00A18FE1 /* ListView.swift */; };
		0056DFC72A8399EC00A18FE1 /* listValuesView.swift in Sources */ = {isa = PBXBuildFile; fileRef = 0056DFC62A8399EC00A18FE1 /* listValuesView.swift */; };
		0056DFC92A839B7F00A18FE1 /* AddItemsView.swift in Sources */ = {isa = PBXBuildFile; fileRef = 0056DFC82A839B7F00A18FE1 /* AddItemsView.swift */; };
		0056DFCE2A839EF600A18FE1 /* ListModel.swift in Sources */ = {isa = PBXBuildFile; fileRef = 0056DFCD2A839EF600A18FE1 /* ListModel.swift */; };
		0056DFD12A83A4D500A18FE1 /* ListViewModel.swift in Sources */ = {isa = PBXBuildFile; fileRef = 0056DFD02A83A4D500A18FE1 /* ListViewModel.swift */; };
		0056DFD32A83B50C00A18FE1 /* NoItemsView.swift in Sources */ = {isa = PBXBuildFile; fileRef = 0056DFD22A83B50C00A18FE1 /* NoItemsView.swift */; };
		0056DFD52A83BD4600A18FE1 /* LaunchScreen.storyboard in Resources */ = {isa = PBXBuildFile; fileRef = 0056DFD42A83BD4600A18FE1 /* LaunchScreen.storyboard */; };
/* End PBXBuildFile section */

/* Begin PBXContainerItemProxy section */
		0056DFA72A83952C00A18FE1 /* PBXContainerItemProxy */ = {
			isa = PBXContainerItemProxy;
			containerPortal = 0056DF8E2A83952A00A18FE1 /* Project object */;
			proxyType = 1;
			remoteGlobalIDString = 0056DF952A83952A00A18FE1;
			remoteInfo = TodoApp;
		};
		0056DFB12A83952C00A18FE1 /* PBXContainerItemProxy */ = {
			isa = PBXContainerItemProxy;
			containerPortal = 0056DF8E2A83952A00A18FE1 /* Project object */;
			proxyType = 1;
			remoteGlobalIDString = 0056DF952A83952A00A18FE1;
			remoteInfo = TodoApp;
		};
/* End PBXContainerItemProxy section */

/* Begin PBXFileReference section */
		0056DF962A83952A00A18FE1 /* TodoApp.app */ = {isa = PBXFileReference; explicitFileType = wrapper.application; includeInIndex = 0; path = TodoApp.app; sourceTree = BUILT_PRODUCTS_DIR; };
		0056DF992A83952A00A18FE1 /* TodoAppApp.swift */ = {isa = PBXFileReference; lastKnownFileType = sourcecode.swift; path = TodoAppApp.swift; sourceTree = "<group>"; };
		0056DF9D2A83952C00A18FE1 /* Assets.xcassets */ = {isa = PBXFileReference; lastKnownFileType = folder.assetcatalog; path = Assets.xcassets; sourceTree = "<group>"; };
		0056DFA02A83952C00A18FE1 /* Preview Assets.xcassets */ = {isa = PBXFileReference; lastKnownFileType = folder.assetcatalog; path = "Preview Assets.xcassets"; sourceTree = "<group>"; };
		0056DFA62A83952C00A18FE1 /* TodoAppTests.xctest */ = {isa = PBXFileReference; explicitFileType = wrapper.cfbundle; includeInIndex = 0; path = TodoAppTests.xctest; sourceTree = BUILT_PRODUCTS_DIR; };
		0056DFAA2A83952C00A18FE1 /* TodoAppTests.swift */ = {isa = PBXFileReference; lastKnownFileType = sourcecode.swift; path = TodoAppTests.swift; sourceTree = "<group>"; };
		0056DFB02A83952C00A18FE1 /* TodoAppUITests.xctest */ = {isa = PBXFileReference; explicitFileType = wrapper.cfbundle; includeInIndex = 0; path = TodoAppUITests.xctest; sourceTree = BUILT_PRODUCTS_DIR; };
		0056DFB42A83952C00A18FE1 /* TodoAppUITests.swift */ = {isa = PBXFileReference; lastKnownFileType = sourcecode.swift; path = TodoAppUITests.swift; sourceTree = "<group>"; };
		0056DFB62A83952C00A18FE1 /* TodoAppUITestsLaunchTests.swift */ = {isa = PBXFileReference; lastKnownFileType = sourcecode.swift; path = TodoAppUITestsLaunchTests.swift; sourceTree = "<group>"; };
		0056DFC42A83957B00A18FE1 /* ListView.swift */ = {isa = PBXFileReference; lastKnownFileType = sourcecode.swift; path = ListView.swift; sourceTree = "<group>"; };
		0056DFC62A8399EC00A18FE1 /* listValuesView.swift */ = {isa = PBXFileReference; lastKnownFileType = sourcecode.swift; path = listValuesView.swift; sourceTree = "<group>"; };
		0056DFC82A839B7F00A18FE1 /* AddItemsView.swift */ = {isa = PBXFileReference; lastKnownFileType = sourcecode.swift; path = AddItemsView.swift; sourceTree = "<group>"; };
		0056DFCD2A839EF600A18FE1 /* ListModel.swift */ = {isa = PBXFileReference; lastKnownFileType = sourcecode.swift; path = ListModel.swift; sourceTree = "<group>"; };
		0056DFD02A83A4D500A18FE1 /* ListViewModel.swift */ = {isa = PBXFileReference; lastKnownFileType = sourcecode.swift; path = ListViewModel.swift; sourceTree = "<group>"; };
		0056DFD22A83B50C00A18FE1 /* NoItemsView.swift */ = {isa = PBXFileReference; lastKnownFileType = sourcecode.swift; path = NoItemsView.swift; sourceTree = "<group>"; };
		0056DFD42A83BD4600A18FE1 /* LaunchScreen.storyboard */ = {isa = PBXFileReference; lastKnownFileType = file.storyboard; path = LaunchScreen.storyboard; sourceTree = "<group>"; };
/* End PBXFileReference section */

/* Begin PBXFrameworksBuildPhase section */
		0056DF932A83952A00A18FE1 /* Frameworks */ = {
			isa = PBXFrameworksBuildPhase;
			buildActionMask = 2147483647;
			files = (
			);
			runOnlyForDeploymentPostprocessing = 0;
		};
		0056DFA32A83952C00A18FE1 /* Frameworks */ = {
			isa = PBXFrameworksBuildPhase;
			buildActionMask = 2147483647;
			files = (
			);
			runOnlyForDeploymentPostprocessing = 0;
		};
		0056DFAD2A83952C00A18FE1 /* Frameworks */ = {
			isa = PBXFrameworksBuildPhase;
			buildActionMask = 2147483647;
			files = (
			);
			runOnlyForDeploymentPostprocessing = 0;
		};
/* End PBXFrameworksBuildPhase section */

/* Begin PBXGroup section */
		0056DF8D2A83952A00A18FE1 = {
			isa = PBXGroup;
			children = (
				0056DF982A83952A00A18FE1 /* TodoApp */,
				0056DFA92A83952C00A18FE1 /* TodoAppTests */,
				0056DFB32A83952C00A18FE1 /* TodoAppUITests */,
				0056DF972A83952A00A18FE1 /* Products */,
			);
			sourceTree = "<group>";
		};
		0056DF972A83952A00A18FE1 /* Products */ = {
			isa = PBXGroup;
			children = (
				0056DF962A83952A00A18FE1 /* TodoApp.app */,
				0056DFA62A83952C00A18FE1 /* TodoAppTests.xctest */,
				0056DFB02A83952C00A18FE1 /* TodoAppUITests.xctest */,
			);
			name = Products;
			sourceTree = "<group>";
		};
		0056DF982A83952A00A18FE1 /* TodoApp */ = {
			isa = PBXGroup;
			children = (
				0056DFCF2A83A4BB00A18FE1 /* ViewModel */,
				0056DFCA2A839EC200A18FE1 /* Model */,
				0056DFC32A83956700A18FE1 /* View */,
				0056DF992A83952A00A18FE1 /* TodoAppApp.swift */,
				0056DF9D2A83952C00A18FE1 /* Assets.xcassets */,
				0056DF9F2A83952C00A18FE1 /* Preview Content */,
				0056DFD42A83BD4600A18FE1 /* LaunchScreen.storyboard */,
			);
			path = TodoApp;
			sourceTree = "<group>";
		};
		0056DF9F2A83952C00A18FE1 /* Preview Content */ = {
			isa = PBXGroup;
			children = (
				0056DFA02A83952C00A18FE1 /* Preview Assets.xcassets */,
			);
			path = "Preview Content";
			sourceTree = "<group>";
		};
		0056DFA92A83952C00A18FE1 /* TodoAppTests */ = {
			isa = PBXGroup;
			children = (
				0056DFAA2A83952C00A18FE1 /* TodoAppTests.swift */,
			);
			path = TodoAppTests;
			sourceTree = "<group>";
		};
		0056DFB32A83952C00A18FE1 /* TodoAppUITests */ = {
			isa = PBXGroup;
			children = (
				0056DFB42A83952C00A18FE1 /* TodoAppUITests.swift */,
				0056DFB62A83952C00A18FE1 /* TodoAppUITestsLaunchTests.swift */,
			);
			path = TodoAppUITests;
			sourceTree = "<group>";
		};
		0056DFC32A83956700A18FE1 /* View */ = {
			isa = PBXGroup;
			children = (
				0056DFC42A83957B00A18FE1 /* ListView.swift */,
				0056DFC62A8399EC00A18FE1 /* listValuesView.swift */,
				0056DFC82A839B7F00A18FE1 /* AddItemsView.swift */,
				0056DFD22A83B50C00A18FE1 /* NoItemsView.swift */,
			);
			path = View;
			sourceTree = "<group>";
		};
		0056DFCA2A839EC200A18FE1 /* Model */ = {
			isa = PBXGroup;
			children = (
				0056DFCD2A839EF600A18FE1 /* ListModel.swift */,
			);
			path = Model;
			sourceTree = "<group>";
		};
		0056DFCF2A83A4BB00A18FE1 /* ViewModel */ = {
			isa = PBXGroup;
			children = (
				0056DFD02A83A4D500A18FE1 /* ListViewModel.swift */,
			);
			path = ViewModel;
			sourceTree = "<group>";
		};
/* End PBXGroup section */

/* Begin PBXNativeTarget section */
		0056DF952A83952A00A18FE1 /* TodoApp */ = {
			isa = PBXNativeTarget;
			buildConfigurationList = 0056DFBA2A83952C00A18FE1 /* Build configuration list for PBXNativeTarget "TodoApp" */;
			buildPhases = (
				0056DF922A83952A00A18FE1 /* Sources */,
				0056DF932A83952A00A18FE1 /* Frameworks */,
				0056DF942A83952A00A18FE1 /* Resources */,
			);
			buildRules = (
			);
			dependencies = (
			);
			name = TodoApp;
			productName = TodoApp;
			productReference = 0056DF962A83952A00A18FE1 /* TodoApp.app */;
			productType = "com.apple.product-type.application";
		};
		0056DFA52A83952C00A18FE1 /* TodoAppTests */ = {
			isa = PBXNativeTarget;
			buildConfigurationList = 0056DFBD2A83952C00A18FE1 /* Build configuration list for PBXNativeTarget "TodoAppTests" */;
			buildPhases = (
				0056DFA22A83952C00A18FE1 /* Sources */,
				0056DFA32A83952C00A18FE1 /* Frameworks */,
				0056DFA42A83952C00A18FE1 /* Resources */,
			);
			buildRules = (
			);
			dependencies = (
				0056DFA82A83952C00A18FE1 /* PBXTargetDependency */,
			);
			name = TodoAppTests;
			productName = TodoAppTests;
			productReference = 0056DFA62A83952C00A18FE1 /* TodoAppTests.xctest */;
			productType = "com.apple.product-type.bundle.unit-test";
		};
		0056DFAF2A83952C00A18FE1 /* TodoAppUITests */ = {
			isa = PBXNativeTarget;
			buildConfigurationList = 0056DFC02A83952C00A18FE1 /* Build configuration list for PBXNativeTarget "TodoAppUITests" */;
			buildPhases = (
				0056DFAC2A83952C00A18FE1 /* Sources */,
				0056DFAD2A83952C00A18FE1 /* Frameworks */,
				0056DFAE2A83952C00A18FE1 /* Resources */,
			);
			buildRules = (
			);
			dependencies = (
				0056DFB22A83952C00A18FE1 /* PBXTargetDependency */,
			);
			name = TodoAppUITests;
			productName = TodoAppUITests;
			productReference = 0056DFB02A83952C00A18FE1 /* TodoAppUITests.xctest */;
			productType = "com.apple.product-type.bundle.ui-testing";
		};
/* End PBXNativeTarget section */

/* Begin PBXProject section */
		0056DF8E2A83952A00A18FE1 /* Project object */ = {
			isa = PBXProject;
			attributes = {
				BuildIndependentTargetsInParallel = 1;
				LastSwiftUpdateCheck = 1420;
				LastUpgradeCheck = 1420;
				TargetAttributes = {
					0056DF952A83952A00A18FE1 = {
						CreatedOnToolsVersion = 14.2;
					};
					0056DFA52A83952C00A18FE1 = {
						CreatedOnToolsVersion = 14.2;
						TestTargetID = 0056DF952A83952A00A18FE1;
					};
					0056DFAF2A83952C00A18FE1 = {
						CreatedOnToolsVersion = 14.2;
						TestTargetID = 0056DF952A83952A00A18FE1;
					};
				};
			};
			buildConfigurationList = 0056DF912A83952A00A18FE1 /* Build configuration list for PBXProject "TodoApp" */;
			compatibilityVersion = "Xcode 14.0";
			developmentRegion = en;
			hasScannedForEncodings = 0;
			knownRegions = (
				en,
				Base,
			);
			mainGroup = 0056DF8D2A83952A00A18FE1;
			productRefGroup = 0056DF972A83952A00A18FE1 /* Products */;
			projectDirPath = "";
			projectRoot = "";
			targets = (
				0056DF952A83952A00A18FE1 /* TodoApp */,
				0056DFA52A83952C00A18FE1 /* TodoAppTests */,
				0056DFAF2A83952C00A18FE1 /* TodoAppUITests */,
			);
		};
/* End PBXProject section */

/* Begin PBXResourcesBuildPhase section */
		0056DF942A83952A00A18FE1 /* Resources */ = {
			isa = PBXResourcesBuildPhase;
			buildActionMask = 2147483647;
			files = (
				0056DFD52A83BD4600A18FE1 /* LaunchScreen.storyboard in Resources */,
				0056DFA12A83952C00A18FE1 /* Preview Assets.xcassets in Resources */,
				0056DF9E2A83952C00A18FE1 /* Assets.xcassets in Resources */,
			);
			runOnlyForDeploymentPostprocessing = 0;
		};
		0056DFA42A83952C00A18FE1 /* Resources */ = {
			isa = PBXResourcesBuildPhase;
			buildActionMask = 2147483647;
			files = (
			);
			runOnlyForDeploymentPostprocessing = 0;
		};
		0056DFAE2A83952C00A18FE1 /* Resources */ = {
			isa = PBXResourcesBuildPhase;
			buildActionMask = 2147483647;
			files = (
			);
			runOnlyForDeploymentPostprocessing = 0;
		};
/* End PBXResourcesBuildPhase section */

/* Begin PBXSourcesBuildPhase section */
		0056DF922A83952A00A18FE1 /* Sources */ = {
			isa = PBXSourcesBuildPhase;
			buildActionMask = 2147483647;
			files = (
				0056DFC72A8399EC00A18FE1 /* listValuesView.swift in Sources */,
				0056DFC52A83957B00A18FE1 /* ListView.swift in Sources */,
				0056DFD12A83A4D500A18FE1 /* ListViewModel.swift in Sources */,
				0056DF9A2A83952A00A18FE1 /* TodoAppApp.swift in Sources */,
				0056DFC92A839B7F00A18FE1 /* AddItemsView.swift in Sources */,
				0056DFD32A83B50C00A18FE1 /* NoItemsView.swift in Sources */,
				0056DFCE2A839EF600A18FE1 /* ListModel.swift in Sources */,
			);
			runOnlyForDeploymentPostprocessing = 0;
		};
		0056DFA22A83952C00A18FE1 /* Sources */ = {
			isa = PBXSourcesBuildPhase;
			buildActionMask = 2147483647;
			files = (
				0056DFAB2A83952C00A18FE1 /* TodoAppTests.swift in Sources */,
			);
			runOnlyForDeploymentPostprocessing = 0;
		};
		0056DFAC2A83952C00A18FE1 /* Sources */ = {
			isa = PBXSourcesBuildPhase;
			buildActionMask = 2147483647;
			files = (
				0056DFB72A83952C00A18FE1 /* TodoAppUITestsLaunchTests.swift in Sources */,
				0056DFB52A83952C00A18FE1 /* TodoAppUITests.swift in Sources */,
			);
			runOnlyForDeploymentPostprocessing = 0;
		};
/* End PBXSourcesBuildPhase section */

/* Begin PBXTargetDependency section */
		0056DFA82A83952C00A18FE1 /* PBXTargetDependency */ = {
			isa = PBXTargetDependency;
			target = 0056DF952A83952A00A18FE1 /* TodoApp */;
			targetProxy = 0056DFA72A83952C00A18FE1 /* PBXContainerItemProxy */;
		};
		0056DFB22A83952C00A18FE1 /* PBXTargetDependency */ = {
			isa = PBXTargetDependency;
			target = 0056DF952A83952A00A18FE1 /* TodoApp */;
			targetProxy = 0056DFB12A83952C00A18FE1 /* PBXContainerItemProxy */;
		};
/* End PBXTargetDependency section */

/* Begin XCBuildConfiguration section */
		0056DFB82A83952C00A18FE1 /* Debug */ = {
			isa = XCBuildConfiguration;
			buildSettings = {
				ALWAYS_SEARCH_USER_PATHS = NO;
				CLANG_ANALYZER_NONNULL = YES;
				CLANG_ANALYZER_NUMBER_OBJECT_CONVERSION = YES_AGGRESSIVE;
				CLANG_CXX_LANGUAGE_STANDARD = "gnu++20";
				CLANG_ENABLE_MODULES = YES;
				CLANG_ENABLE_OBJC_ARC = YES;
				CLANG_ENABLE_OBJC_WEAK = YES;
				CLANG_WARN_BLOCK_CAPTURE_AUTORELEASING = YES;
				CLANG_WARN_BOOL_CONVERSION = YES;
				CLANG_WARN_COMMA = YES;
				CLANG_WARN_CONSTANT_CONVERSION = YES;
				CLANG_WARN_DEPRECATED_OBJC_IMPLEMENTATIONS = YES;
				CLANG_WARN_DIRECT_OBJC_ISA_USAGE = YES_ERROR;
				CLANG_WARN_DOCUMENTATION_COMMENTS = YES;
				CLANG_WARN_EMPTY_BODY = YES;
				CLANG_WARN_ENUM_CONVERSION = YES;
				CLANG_WARN_INFINITE_RECURSION = YES;
				CLANG_WARN_INT_CONVERSION = YES;
				CLANG_WARN_NON_LITERAL_NULL_CONVERSION = YES;
				CLANG_WARN_OBJC_IMPLICIT_RETAIN_SELF = YES;
				CLANG_WARN_OBJC_LITERAL_CONVERSION = YES;
				CLANG_WARN_OBJC_ROOT_CLASS = YES_ERROR;
				CLANG_WARN_QUOTED_INCLUDE_IN_FRAMEWORK_HEADER = YES;
				CLANG_WARN_RANGE_LOOP_ANALYSIS = YES;
				CLANG_WARN_STRICT_PROTOTYPES = YES;
				CLANG_WARN_SUSPICIOUS_MOVE = YES;
				CLANG_WARN_UNGUARDED_AVAILABILITY = YES_AGGRESSIVE;
				CLANG_WARN_UNREACHABLE_CODE = YES;
				CLANG_WARN__DUPLICATE_METHOD_MATCH = YES;
				COPY_PHASE_STRIP = NO;
				DEBUG_INFORMATION_FORMAT = dwarf;
				ENABLE_STRICT_OBJC_MSGSEND = YES;
				ENABLE_TESTABILITY = YES;
				GCC_C_LANGUAGE_STANDARD = gnu11;
				GCC_DYNAMIC_NO_PIC = NO;
				GCC_NO_COMMON_BLOCKS = YES;
				GCC_OPTIMIZATION_LEVEL = 0;
				GCC_PREPROCESSOR_DEFINITIONS = (
					"DEBUG=1",
					"$(inherited)",
				);
				GCC_WARN_64_TO_32_BIT_CONVERSION = YES;
				GCC_WARN_ABOUT_RETURN_TYPE = YES_ERROR;
				GCC_WARN_UNDECLARED_SELECTOR = YES;
				GCC_WARN_UNINITIALIZED_AUTOS = YES_AGGRESSIVE;
				GCC_WARN_UNUSED_FUNCTION = YES;
				GCC_WARN_UNUSED_VARIABLE = YES;
				IPHONEOS_DEPLOYMENT_TARGET = 16.2;
				MTL_ENABLE_DEBUG_INFO = INCLUDE_SOURCE;
				MTL_FAST_MATH = YES;
				ONLY_ACTIVE_ARCH = YES;
				SDKROOT = iphoneos;
				SWIFT_ACTIVE_COMPILATION_CONDITIONS = DEBUG;
				SWIFT_OPTIMIZATION_LEVEL = "-Onone";
			};
			name = Debug;
		};
		0056DFB92A83952C00A18FE1 /* Release */ = {
			isa = XCBuildConfiguration;
			buildSettings = {
				ALWAYS_SEARCH_USER_PATHS = NO;
				CLANG_ANALYZER_NONNULL = YES;
				CLANG_ANALYZER_NUMBER_OBJECT_CONVERSION = YES_AGGRESSIVE;
				CLANG_CXX_LANGUAGE_STANDARD = "gnu++20";
				CLANG_ENABLE_MODULES = YES;
				CLANG_ENABLE_OBJC_ARC = YES;
				CLANG_ENABLE_OBJC_WEAK = YES;
				CLANG_WARN_BLOCK_CAPTURE_AUTORELEASING = YES;
				CLANG_WARN_BOOL_CONVERSION = YES;
				CLANG_WARN_COMMA = YES;
				CLANG_WARN_CONSTANT_CONVERSION = YES;
				CLANG_WARN_DEPRECATED_OBJC_IMPLEMENTATIONS = YES;
				CLANG_WARN_DIRECT_OBJC_ISA_USAGE = YES_ERROR;
				CLANG_WARN_DOCUMENTATION_COMMENTS = YES;
				CLANG_WARN_EMPTY_BODY = YES;
				CLANG_WARN_ENUM_CONVERSION = YES;
				CLANG_WARN_INFINITE_RECURSION = YES;
				CLANG_WARN_INT_CONVERSION = YES;
				CLANG_WARN_NON_LITERAL_NULL_CONVERSION = YES;
				CLANG_WARN_OBJC_IMPLICIT_RETAIN_SELF = YES;
				CLANG_WARN_OBJC_LITERAL_CONVERSION = YES;
				CLANG_WARN_OBJC_ROOT_CLASS = YES_ERROR;
				CLANG_WARN_QUOTED_INCLUDE_IN_FRAMEWORK_HEADER = YES;
				CLANG_WARN_RANGE_LOOP_ANALYSIS = YES;
				CLANG_WARN_STRICT_PROTOTYPES = YES;
				CLANG_WARN_SUSPICIOUS_MOVE = YES;
				CLANG_WARN_UNGUARDED_AVAILABILITY = YES_AGGRESSIVE;
				CLANG_WARN_UNREACHABLE_CODE = YES;
				CLANG_WARN__DUPLICATE_METHOD_MATCH = YES;
				COPY_PHASE_STRIP = NO;
				DEBUG_INFORMATION_FORMAT = "dwarf-with-dsym";
				ENABLE_NS_ASSERTIONS = NO;
				ENABLE_STRICT_OBJC_MSGSEND = YES;
				GCC_C_LANGUAGE_STANDARD = gnu11;
				GCC_NO_COMMON_BLOCKS = YES;
				GCC_WARN_64_TO_32_BIT_CONVERSION = YES;
				GCC_WARN_ABOUT_RETURN_TYPE = YES_ERROR;
				GCC_WARN_UNDECLARED_SELECTOR = YES;
				GCC_WARN_UNINITIALIZED_AUTOS = YES_AGGRESSIVE;
				GCC_WARN_UNUSED_FUNCTION = YES;
				GCC_WARN_UNUSED_VARIABLE = YES;
				IPHONEOS_DEPLOYMENT_TARGET = 16.2;
				MTL_ENABLE_DEBUG_INFO = NO;
				MTL_FAST_MATH = YES;
				SDKROOT = iphoneos;
				SWIFT_COMPILATION_MODE = wholemodule;
				SWIFT_OPTIMIZATION_LEVEL = "-O";
				VALIDATE_PRODUCT = YES;
			};
			name = Release;
		};
		0056DFBB2A83952C00A18FE1 /* Debug */ = {
			isa = XCBuildConfiguration;
			buildSettings = {
				ASSETCATALOG_COMPILER_APPICON_NAME = AppIcon;
				ASSETCATALOG_COMPILER_GLOBAL_ACCENT_COLOR_NAME = AccentColor;
				CODE_SIGN_STYLE = Automatic;
				CURRENT_PROJECT_VERSION = 1;
				DEVELOPMENT_ASSET_PATHS = "\"TodoApp/Preview Content\"";
				ENABLE_PREVIEWS = YES;
				GENERATE_INFOPLIST_FILE = YES;
				INFOPLIST_KEY_UIApplicationSceneManifest_Generation = YES;
				INFOPLIST_KEY_UIApplicationSupportsIndirectInputEvents = YES;
				INFOPLIST_KEY_UILaunchScreen_Generation = YES;
				INFOPLIST_KEY_UISupportedInterfaceOrientations_iPad = "UIInterfaceOrientationPortrait UIInterfaceOrientationPortraitUpsideDown UIInterfaceOrientationLandscapeLeft UIInterfaceOrientationLandscapeRight";
				INFOPLIST_KEY_UISupportedInterfaceOrientations_iPhone = "UIInterfaceOrientationPortrait UIInterfaceOrientationLandscapeLeft UIInterfaceOrientationLandscapeRight";
				LD_RUNPATH_SEARCH_PATHS = (
					"$(inherited)",
					"@executable_path/Frameworks",
				);
				MARKETING_VERSION = 1.0;
				PRODUCT_BUNDLE_IDENTIFIER = com.Pardeepsingh.TodoApp;
				PRODUCT_NAME = "$(TARGET_NAME)";
				SWIFT_EMIT_LOC_STRINGS = YES;
				SWIFT_VERSION = 5.0;
				TARGETED_DEVICE_FAMILY = "1,2";
			};
			name = Debug;
		};
		0056DFBC2A83952C00A18FE1 /* Release */ = {
			isa = XCBuildConfiguration;
			buildSettings = {
				ASSETCATALOG_COMPILER_APPICON_NAME = AppIcon;
				ASSETCATALOG_COMPILER_GLOBAL_ACCENT_COLOR_NAME = AccentColor;
				CODE_SIGN_STYLE = Automatic;
				CURRENT_PROJECT_VERSION = 1;
				DEVELOPMENT_ASSET_PATHS = "\"TodoApp/Preview Content\"";
				ENABLE_PREVIEWS = YES;
				GENERATE_INFOPLIST_FILE = YES;
				INFOPLIST_KEY_UIApplicationSceneManifest_Generation = YES;
				INFOPLIST_KEY_UIApplicationSupportsIndirectInputEvents = YES;
				INFOPLIST_KEY_UILaunchScreen_Generation = YES;
				INFOPLIST_KEY_UISupportedInterfaceOrientations_iPad = "UIInterfaceOrientationPortrait UIInterfaceOrientationPortraitUpsideDown UIInterfaceOrientationLandscapeLeft UIInterfaceOrientationLandscapeRight";
				INFOPLIST_KEY_UISupportedInterfaceOrientations_iPhone = "UIInterfaceOrientationPortrait UIInterfaceOrientationLandscapeLeft UIInterfaceOrientationLandscapeRight";
				LD_RUNPATH_SEARCH_PATHS = (
					"$(inherited)",
					"@executable_path/Frameworks",
				);
				MARKETING_VERSION = 1.0;
				PRODUCT_BUNDLE_IDENTIFIER = com.Pardeepsingh.TodoApp;
				PRODUCT_NAME = "$(TARGET_NAME)";
				SWIFT_EMIT_LOC_STRINGS = YES;
				SWIFT_VERSION = 5.0;
				TARGETED_DEVICE_FAMILY = "1,2";
			};
			name = Release;
		};
		0056DFBE2A83952C00A18FE1 /* Debug */ = {
			isa = XCBuildConfiguration;
			buildSettings = {
				ALWAYS_EMBED_SWIFT_STANDARD_LIBRARIES = YES;
				BUNDLE_LOADER = "$(TEST_HOST)";
				CODE_SIGN_STYLE = Automatic;
				CURRENT_PROJECT_VERSION = 1;
				GENERATE_INFOPLIST_FILE = YES;
				IPHONEOS_DEPLOYMENT_TARGET = 16.2;
				MARKETING_VERSION = 1.0;
				PRODUCT_BUNDLE_IDENTIFIER = com.Pardeepsingh.TodoAppTests;
				PRODUCT_NAME = "$(TARGET_NAME)";
				SWIFT_EMIT_LOC_STRINGS = NO;
				SWIFT_VERSION = 5.0;
				TARGETED_DEVICE_FAMILY = "1,2";
				TEST_HOST = "$(BUILT_PRODUCTS_DIR)/TodoApp.app/$(BUNDLE_EXECUTABLE_FOLDER_PATH)/TodoApp";
			};
			name = Debug;
		};
		0056DFBF2A83952C00A18FE1 /* Release */ = {
			isa = XCBuildConfiguration;
			buildSettings = {
				ALWAYS_EMBED_SWIFT_STANDARD_LIBRARIES = YES;
				BUNDLE_LOADER = "$(TEST_HOST)";
				CODE_SIGN_STYLE = Automatic;
				CURRENT_PROJECT_VERSION = 1;
				GENERATE_INFOPLIST_FILE = YES;
				IPHONEOS_DEPLOYMENT_TARGET = 16.2;
				MARKETING_VERSION = 1.0;
				PRODUCT_BUNDLE_IDENTIFIER = com.Pardeepsingh.TodoAppTests;
				PRODUCT_NAME = "$(TARGET_NAME)";
				SWIFT_EMIT_LOC_STRINGS = NO;
				SWIFT_VERSION = 5.0;
				TARGETED_DEVICE_FAMILY = "1,2";
				TEST_HOST = "$(BUILT_PRODUCTS_DIR)/TodoApp.app/$(BUNDLE_EXECUTABLE_FOLDER_PATH)/TodoApp";
			};
			name = Release;
		};
		0056DFC12A83952C00A18FE1 /* Debug */ = {
			isa = XCBuildConfiguration;
			buildSettings = {
				ALWAYS_EMBED_SWIFT_STANDARD_LIBRARIES = YES;
				CODE_SIGN_STYLE = Automatic;
				CURRENT_PROJECT_VERSION = 1;
				GENERATE_INFOPLIST_FILE = YES;
				MARKETING_VERSION = 1.0;
				PRODUCT_BUNDLE_IDENTIFIER = com.Pardeepsingh.TodoAppUITests;
				PRODUCT_NAME = "$(TARGET_NAME)";
				SWIFT_EMIT_LOC_STRINGS = NO;
				SWIFT_VERSION = 5.0;
				TARGETED_DEVICE_FAMILY = "1,2";
				TEST_TARGET_NAME = TodoApp;
			};
			name = Debug;
		};
		0056DFC22A83952C00A18FE1 /* Release */ = {
			isa = XCBuildConfiguration;
			buildSettings = {
				ALWAYS_EMBED_SWIFT_STANDARD_LIBRARIES = YES;
				CODE_SIGN_STYLE = Automatic;
				CURRENT_PROJECT_VERSION = 1;
				GENERATE_INFOPLIST_FILE = YES;
				MARKETING_VERSION = 1.0;
				PRODUCT_BUNDLE_IDENTIFIER = com.Pardeepsingh.TodoAppUITests;
				PRODUCT_NAME = "$(TARGET_NAME)";
				SWIFT_EMIT_LOC_STRINGS = NO;
				SWIFT_VERSION = 5.0;
				TARGETED_DEVICE_FAMILY = "1,2";
				TEST_TARGET_NAME = TodoApp;
			};
			name = Release;
		};
/* End XCBuildConfiguration section */

/* Begin XCConfigurationList section */
		0056DF912A83952A00A18FE1 /* Build configuration list for PBXProject "TodoApp" */ = {
			isa = XCConfigurationList;
			buildConfigurations = (
				0056DFB82A83952C00A18FE1 /* Debug */,
				0056DFB92A83952C00A18FE1 /* Release */,
			);
			defaultConfigurationIsVisible = 0;
			defaultConfigurationName = Release;
		};
		0056DFBA2A83952C00A18FE1 /* Build configuration list for PBXNativeTarget "TodoApp" */ = {
			isa = XCConfigurationList;
			buildConfigurations = (
				0056DFBB2A83952C00A18FE1 /* Debug */,
				0056DFBC2A83952C00A18FE1 /* Release */,
			);
			defaultConfigurationIsVisible = 0;
			defaultConfigurationName = Release;
		};
		0056DFBD2A83952C00A18FE1 /* Build configuration list for PBXNativeTarget "TodoAppTests" */ = {
			isa = XCConfigurationList;
			buildConfigurations = (
				0056DFBE2A83952C00A18FE1 /* Debug */,
				0056DFBF2A83952C00A18FE1 /* Release */,
			);
			defaultConfigurationIsVisible = 0;
			defaultConfigurationName = Release;
		};
		0056DFC02A83952C00A18FE1 /* Build configuration list for PBXNativeTarget "TodoAppUITests" */ = {
			isa = XCConfigurationList;
			buildConfigurations = (
				0056DFC12A83952C00A18FE1 /* Debug */,
				0056DFC22A83952C00A18FE1 /* Release */,
			);
			defaultConfigurationIsVisible = 0;
			defaultConfigurationName = Release;
		};
/* End XCConfigurationList section */
	};
	rootObject = 0056DF8E2A83952A00A18FE1 /* Project object */;
}
